
Microsoft Visual Studio Solution File, Format Version 12.00
# Visual Studio 15
VisualStudioVersion = 15.0.27130.2027
MinimumVisualStudioVersion = 10.0.40219.1
Project("{FAE04EC0-301F-11D3-BF4B-00C04F79EFBC}") = "HamQTHLookup", "HamQTHLookup.csproj", "{55051463-09CE-49FE-9759-DADAB8A5139B}"
EndProject
Global
	GlobalSection(SolutionConfigurationPlatforms) = preSolution
		Debug|Any CPU = Debug|Any CPU
		Debug|x64 = Debug|x64
		Debug|x86 = Debug|x86
		Release|Any CPU = Release|Any CPU
		Release|x64 = Release|x64
		Release|x86 = Release|x86
	EndGlobalSection
	GlobalSection(ProjectConfigurationPlatforms) = postSolution
		{55051463-09CE-49FE-9759-DADAB8A5139B}.Debug|Any CPU.ActiveCfg = Debug|Any CPU
		{55051463-09CE-49FE-9759-DADAB8A5139B}.Debug|Any CPU.Build.0 = Debug|Any CPU
		{55051463-09CE-49FE-9759-DADAB8A5139B}.Debug|x64.ActiveCfg = Debug|Any CPU
		{55051463-09CE-49FE-9759-DADAB8A5139B}.Debug|x64.Build.0 = Debug|Any CPU
		{55051463-09CE-49FE-9759-DADAB8A5139B}.Debug|x86.ActiveCfg = Debug|Any CPU
		{55051463-09CE-49FE-9759-DADAB8A5139B}.Debug|x86.Build.0 = Debug|Any CPU
		{55051463-09CE-49FE-9759-DADAB8A5139B}.Release|Any CPU.ActiveCfg = Release|Any CPU
		{55051463-09CE-49FE-9759-DADAB8A5139B}.Release|Any CPU.Build.0 = Release|Any CPU
		{55051463-09CE-49FE-9759-DADAB8A5139B}.Release|x64.ActiveCfg = Release|Any CPU
		{55051463-09CE-49FE-9759-DADAB8A5139B}.Release|x64.Build.0 = Release|Any CPU
		{55051463-09CE-49FE-9759-DADAB8A5139B}.Release|x86.ActiveCfg = Release|Any CPU
		{55051463-09CE-49FE-9759-DADAB8A5139B}.Release|x86.Build.0 = Release|Any CPU
	EndGlobalSection
	GlobalSection(SolutionProperties) = preSolution
		HideSolutionNode = FALSE
	EndGlobalSection
	GlobalSection(ExtensibilityGlobals) = postSolution
		SolutionGuid = {2A5338EA-7E44-4C04-98B3-6F15740668DA}
	EndGlobalSection
EndGlobal
